
Microsoft Visual Studio Solution File, Format Version 12.00
# Visual Studio 15
VisualStudioVersion = 15.0.27703.2035
MinimumVisualStudioVersion = 10.0.40219.1
Project("{8BC9CEB8-8B4A-11D0-8D11-00A0C91BC942}") = "20151201", "20151201\20151201.vcxproj", "{C1A1BB07-8624-4FBA-BDD5-C7318D217671}"
EndProject
Global
	GlobalSection(SolutionConfigurationPlatforms) = preSolution
		Debug|x64 = Debug|x64
		Debug|x86 = Debug|x86
		Release|x64 = Release|x64
		Release|x86 = Release|x86
	EndGlobalSection
	GlobalSection(ProjectConfigurationPlatforms) = postSolution
		{C1A1BB07-8624-4FBA-BDD5-C7318D217671}.Debug|x64.ActiveCfg = Debug|x64
		{C1A1BB07-8624-4FBA-BDD5-C7318D217671}.Debug|x64.Build.0 = Debug|x64
		{C1A1BB07-8624-4FBA-BDD5-C7318D217671}.Debug|x86.ActiveCfg = Debug|Win32
		{C1A1BB07-8624-4FBA-BDD5-C7318D217671}.Debug|x86.Build.0 = Debug|Win32
		{C1A1BB07-8624-4FBA-BDD5-C7318D217671}.Release|x64.ActiveCfg = Release|x64
		{C1A1BB07-8624-4FBA-BDD5-C7318D217671}.Release|x64.Build.0 = Release|x64
		{C1A1BB07-8624-4FBA-BDD5-C7318D217671}.Release|x86.ActiveCfg = Release|Win32
		{C1A1BB07-8624-4FBA-BDD5-C7318D217671}.Release|x86.Build.0 = Release|Win32
	EndGlobalSection
	GlobalSection(SolutionProperties) = preSolution
		HideSolutionNode = FALSE
	EndGlobalSection
	GlobalSection(ExtensibilityGlobals) = postSolution
		SolutionGuid = {00C0009B-2F41-4726-B0D2-6585E25A9EEB}
	EndGlobalSection
EndGlobal
